# This file is autogenerated, do not edit; changes may be undone by the next 'dep ensure'.


[[projects]]
  branch = "master"
  digest = "1:6da51e5ec493ad2b44cb04129e2d0a068c8fb9bd6cb5739d199573558696bb94"
  name = "github.com/Azure/go-ansiterm"
  packages = [
    ".",
    "winterm",
  ]
  pruneopts = "UT"
  revision = "d6e3b3328b783f23731bc4d058875b0371ff8109"

[[projects]]
  branch = "master"
  digest = "1:79a86e865a8900d54fb10678d7f3f19b79668fd44dcdbf3f22bb5ec8207f7f29"
  name = "github.com/Code-Hex/Neo-cowsay"
  packages = ["."]
  pruneopts = "UT"
  revision = "97be76b50faeac564e365f937f11b4743535df7f"

[[projects]]
  branch = "master"
  digest = "1:daa3de4636ef4efa34d059224ebde5b9480577251f334d54abad5f8904920e08"
  name = "github.com/Code-Hex/go-wordwrap"
  packages = ["."]
  pruneopts = "UT"
  revision = "ddb85795713c2218601b44b94a5e105e5028ec42"

[[projects]]
  digest = "1:fd61cf4ae1953d55df708acb6b91492d538f49c305b364a014049914495db426"
  name = "github.com/Sirupsen/logrus"
  packages = ["."]
  pruneopts = "UT"
  revision = "8bdbc7bcc01dcbb8ec23dc8a28e332258d25251f"
  version = "v1.4.1"

[[projects]]
  digest = "1:e2921241c77283579f383d04139a68aaca100668a26de5e1bc56d29d896ee304"
  name = "github.com/ahmetb/go-linq"
  packages = ["."]
  pruneopts = "UT"
  revision = "7e71c124c1f903df09ca08678f145f68b45d125e"
  version = "v3.0.0"

[[projects]]
  digest = "1:3e98d7591efd49c324016c20fa4409e7498f791bc764a7c016258e34584d9514"
  name = "github.com/alecthomas/chroma"
  packages = [
    ".",
    "formatters",
    "formatters/html",
    "lexers",
    "lexers/a",
    "lexers/b",
    "lexers/c",
    "lexers/circular",
    "lexers/d",
    "lexers/e",
    "lexers/f",
    "lexers/g",
    "lexers/h",
    "lexers/i",
    "lexers/internal",
    "lexers/j",
    "lexers/k",
    "lexers/l",
    "lexers/m",
    "lexers/n",
    "lexers/o",
    "lexers/p",
    "lexers/q",
    "lexers/r",
    "lexers/s",
    "lexers/t",
    "lexers/v",
    "lexers/w",
    "lexers/x",
    "lexers/y",
    "styles",
  ]
  pruneopts = "UT"
  revision = "38460d1881ab5310948072eea583e52e181c196a"
  version = "v0.6.3"

[[projects]]
  branch = "master"
  digest = "1:0c798a20f60ce2175366326a7aac3743392460820f1a76e24b1a87d4aebc6041"
  name = "github.com/awnumar/memguard"
  packages = [
    ".",
    "memcall",
  ]
  pruneopts = "UT"
  revision = "3546eefb381216a1caf3242964cfe2666b7ead39"

[[projects]]
  digest = "1:d219400f09c151f0ada918bab650ef46f7ebdb1ff4fea923fdcb839481ec7ec1"
  name = "github.com/cheggaaa/pb"
  packages = ["."]
  pruneopts = "UT"
  revision = "f907f6f5dd81f77c2bbc1cde92e4c5a04720cb11"
  version = "v1.0.28"

[[projects]]
  branch = "master"
  digest = "1:710109527a119c813d4fac773712dd92f449ed7c2f7b81f49822f94d290c8f72"
  name = "github.com/danwakefield/fnmatch"
  packages = ["."]
  pruneopts = "UT"
  revision = "cbb64ac3d964b81592e64f957ad53df015803288"

[[projects]]
  digest = "1:72dc2b6056e7097f829260e4a2ff08d32fec6017df1982a66e110ab4128486f8"
  name = "github.com/dlclark/regexp2"
  packages = [
    ".",
    "syntax",
  ]
  pruneopts = "UT"
  revision = "487489b64fb796de2e55f4e8a4ad1e145f80e957"
  version = "v1.1.6"

[[projects]]
  digest = "1:94d96b283e7cee29db1b0a36135e6ad9e8584f8f03155ddaf418984ec4de707a"
  name = "github.com/docker/docker"
  packages = ["pkg/term/windows"]
  pruneopts = "UT"
  revision = "092cba3727bb9b4a2f0e922cd6c0f93ea270e363"
  version = "v1.13.1"

[[projects]]
  branch = "master"
  digest = "1:d754d24358cf013301a804cdab95cbcbe0da83902dc24ee20e98a899c4dd48e0"
  name = "github.com/elazarl/goproxy"
  packages = ["."]
  pruneopts = "UT"
  revision = "9d40249d3c2f14d1a9d75e070a738362adeb5a83"

[[projects]]
  digest = "1:ecd18ec0a15f037195d296b362a8adef6131bb57ac84a92dc043ec74720e8943"
  name = "github.com/gabriel-vasile/mimetype"
  packages = [
    ".",
    "internal/json",
    "internal/matchers",
  ]
  pruneopts = "UT"
  revision = "31952ed4b4f94387676a3b1a50e85944be6e0a16"
  version = "v0.3.7"

[[projects]]
  digest = "1:0e16b03c72bd42739ca68d055c10369e60d17838428f512f3b29ae115ba788e0"
  name = "github.com/gdamore/encoding"
  packages = ["."]
  pruneopts = "UT"
  revision = "6289cdc94c00ac4aa177771c5fce7af2f96b626d"
  version = "v1.0.0"

[[projects]]
  digest = "1:939e23f904cb50168a21dc38ca60b432a0e57482bed803fdae94223821dcad59"
  name = "github.com/gdamore/tcell"
  packages = [
    ".",
    "terminfo",
  ]
  pruneopts = "UT"
  revision = "b5d0c1ac570211e469f43ff88c0c6aa4b56cc99a"
  version = "v1.1.2"

[[projects]]
  branch = "master"
  digest = "1:e189a74ad21c3d1e10630172d9468f3f641414725a50326045ca360d71e753a6"
  name = "github.com/getlantern/context"
  packages = ["."]
  pruneopts = "UT"
  revision = "c447772a6520c1a3ae6294a7df725ee08230f14e"

[[projects]]
  branch = "master"
  digest = "1:754e0e024892bc771720c72116ff521fe02bfddcca91c69cc2ff08a25aeb62f3"
  name = "github.com/getlantern/errors"
  packages = ["."]
  pruneopts = "UT"
  revision = "abdb3e3e36f7e64b4bfbe96e860db91e7534aa6e"

[[projects]]
  branch = "master"
  digest = "1:df855b6b668bfe66ecd19afc65b9701f757fa0a82ea085e3abc9d845ac2cdcd9"
  name = "github.com/getlantern/go-socks5"
  packages = ["."]
  pruneopts = "UT"
  revision = "79d4dd3e2db581c4f31d170662ea44c454109a9c"

[[projects]]
  branch = "master"
  digest = "1:128515bf48085482f3b1269701a0be1b119087447d8f666a27211bdacf0b5dc9"
  name = "github.com/getlantern/golog"
  packages = ["."]
  pruneopts = "UT"
  revision = "cca714f7feb5df8e455f409b549d384441ac4578"

[[projects]]
  branch = "master"
  digest = "1:ef7d3553cc70a0406baf828fe62f741777135d1248e7cd96a26f743aa11e6565"
  name = "github.com/getlantern/hex"
  packages = ["."]
  pruneopts = "UT"
  revision = "c6586a6fe0b7c95eef767657ab1031cbcfc7af66"

[[projects]]
  branch = "master"
  digest = "1:f65fd0ed3e1794ab0a5cf824c0e498b954e0a5311ce486d8f177cc65d4a60356"
  name = "github.com/getlantern/hidden"
  packages = ["."]
  pruneopts = "UT"
  revision = "f02dbb02be5552811eec1040d7906424c52ae539"

[[projects]]
  branch = "master"
  digest = "1:50425f63a4348b642f1ce2a343b86077e62f98153d1bf00d9bc3387524e71872"
  name = "github.com/getlantern/netx"
  packages = ["."]
  pruneopts = "UT"
  revision = "9912de6f94fd1dd35a2f3af9a9ce5650d1a10b7a"

[[projects]]
  branch = "master"
  digest = "1:e90f0d30bdecee063f54137a1c3267b9f65bb5432da2f90efde981f935812d37"
  name = "github.com/getlantern/ops"
  packages = ["."]
  pruneopts = "UT"
  revision = "d70cb0d6f85f5066bcf4d693721f382e075b9366"

[[projects]]
  digest = "1:d37c61a335d13bc49b3f90e9e13c8686e4548839b69c58549e727afb2245c454"
  name = "github.com/go-ini/ini"
  packages = ["."]
  pruneopts = "UT"
  revision = "c85607071cf08ca1adaf48319cd1aa322e81d8c1"
  version = "v1.42.0"

[[projects]]
  digest = "1:586ea76dbd0374d6fb649a91d70d652b7fe0ccffb8910a77468e7702e7901f3d"
  name = "github.com/go-stack/stack"
  packages = ["."]
  pruneopts = "UT"
  revision = "2fee6af1a9795aafbe0253a0cfbdf668e1fb8a9a"
  version = "v1.8.0"

[[projects]]
  digest = "1:e4f5819333ac698d294fe04dbf640f84719658d5c7ce195b10060cc37292ce79"
  name = "github.com/golang/snappy"
  packages = ["."]
  pruneopts = "UT"
  revision = "2a8bb927dd31d8daada140a5d09578521ce5c36a"
  version = "v0.0.1"

[[projects]]
  digest = "1:aebccac5eae98c77bbdf314428fb06ec1c1b4bee91589c3624d7facba176b8a6"
  name = "github.com/google/gops"
  packages = [
    "agent",
    "internal",
    "signal",
  ]
  pruneopts = "UT"
  revision = "9fda3b87c7b32caeeb2974e7cc2e71e60a597fdf"
  version = "v0.3.6"

[[projects]]
  digest = "1:0ade334594e69404d80d9d323445d2297ff8161637f9b2d347cc6973d2d6f05b"
  name = "github.com/hashicorp/errwrap"
  packages = ["."]
  pruneopts = "UT"
  revision = "8a6fb523712970c966eefc6b39ed2c5e74880354"
  version = "v1.0.0"

[[projects]]
  digest = "1:af105c7c5dc0b4ae41991f122cae860b9600f7d226072c2a83127048c991660c"
  name = "github.com/hashicorp/go-cleanhttp"
  packages = ["."]
  pruneopts = "UT"
  revision = "eda1e5db218aad1db63ca4642c8906b26bcf2744"
  version = "v0.5.1"

[[projects]]
  digest = "1:f668349b83f7d779567c880550534addeca7ebadfdcf44b0b9c39be61864b4b7"
  name = "github.com/hashicorp/go-multierror"
  packages = ["."]
  pruneopts = "UT"
  revision = "886a7fbe3eb1c874d46f623bfa70af45f425b3d1"
  version = "v1.0.0"

[[projects]]
  digest = "1:1ba2690391610cce08f12c42dd7e8b5f9114a697e85d695280c67b8487cfc38e"
  name = "github.com/hashicorp/go-retryablehttp"
  packages = ["."]
  pruneopts = "UT"
  revision = "357460732517ec3b57c05c51443296bdd6df1874"
  version = "v0.5.3"

[[projects]]
  digest = "1:a54ada9beb59fdc35b69322979e870ff0b780e03f4dc309c4c8674b94927df75"
  name = "github.com/hashicorp/go-rootcerts"
  packages = ["."]
  pruneopts = "UT"
  revision = "63503fb4e1eca22f9ae0f90b49c5d5538a0e87eb"
  version = "v1.0.0"

[[projects]]
  digest = "1:8abc57884881876d02f467bb7d4ed7ce3a58dac3f8f7ba60579ce4ffc6afd7e1"
  name = "github.com/hashicorp/go-sockaddr"
  packages = ["."]
  pruneopts = "UT"
  revision = "c7188e74f6acae5a989bdc959aa779f8b9f42faf"
  version = "v1.0.2"

[[projects]]
  digest = "1:ea40c24cdbacd054a6ae9de03e62c5f252479b96c716375aace5c120d68647c8"
  name = "github.com/hashicorp/hcl"
  packages = [
    ".",
    "hcl/ast",
    "hcl/parser",
    "hcl/scanner",
    "hcl/strconv",
    "hcl/token",
    "json/parser",
    "json/scanner",
    "json/token",
  ]
  pruneopts = "UT"
  revision = "8cb6e5b959231cc1119e43259c4a608f9c51a241"
  version = "v1.0.0"

[[projects]]
  digest = "1:010eddbe5d1da9cbe074d721ff874862cf5d8be2069107e41915d50a0d2936ef"
  name = "github.com/hashicorp/vault"
  packages = [
    "api",
    "helper/compressutil",
    "helper/consts",
    "helper/hclutil",
    "helper/jsonutil",
    "helper/parseutil",
    "helper/strutil",
  ]
  pruneopts = "UT"
  revision = "0082501623c0b704b87b1fbc84c2d725994bac54"
  version = "v1.1.2"

[[projects]]
  branch = "master"
  digest = "1:f433da6fbabb0bd1bd730fd340782015c644123d02eb78c20c69ce03352daad1"
  name = "github.com/kardianos/osext"
  packages = ["."]
  pruneopts = "UT"
  revision = "2bc1f35cddc0cc527b4bc3dce8578fc2a6c11384"

[[projects]]
  digest = "1:19cce3954c778b676622745e850f7d201eefffbb62d2c42ce87673617f96e95a"
  name = "github.com/karrick/godirwalk"
  packages = ["."]
  pruneopts = "UT"
  revision = "5e617d9cfec6f870e63b168e9a2fb7c490a1c108"
  version = "v1.10.3"

[[projects]]
  digest = "1:31e761d97c76151dde79e9d28964a812c46efc5baee4085b86f68f0c654450de"
  name = "github.com/konsorten/go-windows-terminal-sequences"
  packages = ["."]
  pruneopts = "UT"
  revision = "f55edac94c9bbba5d6182a4be46d86a2c9b5b50e"
  version = "v1.0.2"

[[projects]]
  digest = "1:9cedee824c21326bd26950bd9e1ffe9dc4e7ca03dc8634d0e6f954ee6a383172"
  name = "github.com/kr/fs"
  packages = ["."]
  pruneopts = "UT"
  revision = "1455def202f6e05b95cc7bfc7e8ae67ae5141eba"
  version = "v0.1.0"

[[projects]]
  digest = "1:d77d385848f3d33ae4e8470628bfc2a9ce43f0cf9015710cf4ca085b90f8d3a6"
  name = "github.com/ktr0731/go-fuzzyfinder"
  packages = [
    ".",
    "matching",
    "scoring",
  ]
  pruneopts = "UT"
  revision = "f088c6b95f50ac4527acc1163025c2b2ff76fd1a"
  version = "v0.1.2"

[[projects]]
  branch = "master"
  digest = "1:46942079ac78aa1636527f40e265e9aff64d85f36bb42b7ca3f31f775831ef53"
  name = "github.com/logrusorgru/aurora"
  packages = ["."]
  pruneopts = "UT"
  revision = "cea283e61946ad8227cc02a24201407a2c9e5182"

[[projects]]
  digest = "1:39de67207027b7374272d5ec9b1bf85457714150ba1263e8d236316629dad570"
  name = "github.com/lucasb-eyer/go-colorful"
  packages = ["."]
  pruneopts = "UT"
  revision = "30298f24079860c4dee452fdef6519b362a4a026"
  version = "v1.0.2"

[[projects]]
  digest = "1:0356f3312c9bd1cbeda81505b7fd437501d8e778ab66998ef69f00d7f9b3a0d7"
  name = "github.com/mattn/go-runewidth"
  packages = ["."]
  pruneopts = "UT"
  revision = "3ee7d812e62a0804a7d0a324e0249ca2db3476d3"
  version = "v0.0.4"

[[projects]]
  digest = "1:a310b34fdb4af778ac92cdc961165fa4d994ea9753c3da99bd9e5285b94cde6a"
  name = "github.com/mattn/go-shellwords"
  packages = ["."]
  pruneopts = "UT"
  revision = "a72fbe27a1b0ed0df2f02754945044ce1456608b"
  version = "v1.0.5"

[[projects]]
  digest = "1:3a3bc3c022d600ed4aced1d220d92c80bf3e42ff5acf95b59839f7af9ac53346"
  name = "github.com/miekg/dns"
  packages = ["."]
  pruneopts = "UT"
  revision = "8aa92d4e02c501ba21e26fb92cf2fb9f23f56917"
  version = "v1.1.9"

[[projects]]
  digest = "1:5d231480e1c64a726869bc4142d270184c419749d34f167646baa21008eb0a79"
  name = "github.com/mitchellh/go-homedir"
  packages = ["."]
  pruneopts = "UT"
  revision = "af06845cf3004701891bf4fdb884bfe4920b3727"
  version = "v1.1.0"

[[projects]]
  digest = "1:53bc4cd4914cd7cd52139990d5170d6dc99067ae31c56530621b18b35fc30318"
  name = "github.com/mitchellh/mapstructure"
  packages = ["."]
  pruneopts = "UT"
  revision = "3536a929edddb9a5b34bd6861dc4a9647cb459fe"
  version = "v1.1.2"

[[projects]]
  digest = "1:0fd364cae8f486496f036edb44e322ffb4523fbb6ad1404d512623181fdff6c1"
  name = "github.com/moby/moby"
  packages = ["pkg/term"]
  pruneopts = "UT"
  revision = "eef6495eddab52828327aade186443681ed71a4e"
  version = "v17.03.2-ce-rc1"

[[projects]]
  branch = "master"
  digest = "1:e4f1b6b3c33388b1f6f3d630280d9b0870c1e2f80379dfd2f89dd06425e9e6b9"
  name = "github.com/nsf/termbox-go"
  packages = ["."]
  pruneopts = "UT"
  revision = "288510b9734e30e7966ec2f22b87c5f8e67345e3"

[[projects]]
  branch = "master"
  digest = "1:8368165a1d56fb9c296eb90ed90c51cc0ce563d73c911d3a4c7cb2faa5fc544e"
  name = "github.com/orcaman/concurrent-map"
  packages = ["."]
  pruneopts = "UT"
  revision = "2693aad1ed7517c2bb5b3a42cb8fde88b941d89d"

[[projects]]
  branch = "master"
  digest = "1:26137fb3f046c54e60a042bb4dffd7841be64ed53cd2f03c6f39042db9ec6f59"
  name = "github.com/oxtoacart/bpool"
  packages = ["."]
  pruneopts = "UT"
  revision = "8c4636f812cc8920c26e2002b988c878b1fd6f5e"

[[projects]]
  branch = "master"
  digest = "1:1cf5c80aa51a635a425906e723e07f386e8af3248d60fec94917ac266d8f37c6"
  name = "github.com/peterh/liner"
  packages = ["."]
  pruneopts = "UT"
  revision = "6f820f8f90ce9482ffbd40bb15f9ea9932f4942d"

[[projects]]
  digest = "1:259f9b7645983a7a823318d78aa96dec68af8891f706493ac1ec04d819cb977c"
  name = "github.com/pierrec/lz4"
  packages = [
    ".",
    "internal/xxh32",
  ]
  pruneopts = "UT"
  revision = "d705d4371bfccdf47f10e45584e896026c83616f"
  version = "v2.2.3"

[[projects]]
  digest = "1:cf31692c14422fa27c83a05292eb5cbe0fb2775972e8f1f8446a71549bd8980b"
  name = "github.com/pkg/errors"
  packages = ["."]
  pruneopts = "UT"
  revision = "ba968bfe8b2f7e042a574c888954fccecfa385b4"
  version = "v0.8.1"

[[projects]]
  digest = "1:6c187bc42f50a341b0dd25da7f5bcf84b4bbffa7193b92f3c983c1a9803a447a"
  name = "github.com/pkg/sftp"
  packages = ["."]
  pruneopts = "UT"
  revision = "a713b07e6d90e1831d7fefcb69f1310edb3783ae"
  version = "v1.10.0"

[[projects]]
  branch = "master"
  digest = "1:65d59a5b6a44b52bc2449479cc40de6da03398ef9c6323ea868c9ac752b9d441"
  name = "github.com/rivo/tview"
  packages = ["."]
  pruneopts = "UT"
  revision = "90b4da1bd64ceee13d2e7d782b315b819190f7bf"

[[projects]]
  branch = "master"
  digest = "1:ab2d8dae71aefc7057f8da6a765968d46cb4190aee8ba247c46afc129d45a3bf"
  name = "github.com/rivo/uniseg"
  packages = ["."]
  pruneopts = "UT"
  revision = "f699dde9c340bcc39b69a4c67369832af73ec72e"

[[projects]]
  digest = "1:6baa565fe16f8657cf93469b2b8a6c61a277827734400d27e44d589547297279"
  name = "github.com/ryanuber/go-glob"
  packages = ["."]
  pruneopts = "UT"
  revision = "51a8f68e6c24dc43f1e371749c89a267de4ebc53"
  version = "v1.0.0"

[[projects]]
  digest = "1:6f3ce746342be7b14a2d1ca33a4a11fd6cb0300e5d34c766f01e19e936fb10af"
  name = "github.com/scylladb/go-set"
  packages = ["strset"]
  pruneopts = "UT"
  revision = "e560bb8f49bb7f34d4f59b7e771f6e1307c329da"
  version = "v1.0.2"

[[projects]]
  branch = "master"
  digest = "1:91fb7bc85f0b6c1d14155b629116ce5444128fb570479f48d631cf0a4172f3a1"
  name = "github.com/stephane-martin/go-mimeapps"
  packages = ["."]
  pruneopts = "UT"
  revision = "06dd13a243e289b3ee153919869a2f9978dfa281"

[[projects]]
  branch = "master"
  digest = "1:5eb88d3fa3392fc3b8b036bd18a2a7b6bbf89da41d8dd89f16b34b4e00dd6cf3"
  name = "github.com/stephane-martin/go-vis"
  packages = ["."]
  pruneopts = "UT"
  revision = "21a848b7a7621d1ab718662f1b1b41ce7f7b097f"

[[projects]]
  digest = "1:de2fa99c62d3e51fe71d1a5c50f16936def05c0d05ab96d944aef7ea7af733d2"
  name = "github.com/stephane-martin/golang-ssh"
  packages = ["."]
  pruneopts = "UT"
  revision = "05b0b56936d476b0f7c2025abf4f5bb5e97dd647"
  version = "v0.7.2"

[[projects]]
  digest = "1:ab93e2cd3289b7ba468d925f6f21ad06d8faf149e8bcc339fb73386a749ea999"
  name = "github.com/stephane-martin/vault-exec"
  packages = ["lib"]
  pruneopts = "UT"
  revision = "fedf77411056564093121718117f18e850c42f81"
  version = "v0.2.1"

[[projects]]
  digest = "1:b24d38b282bacf9791408a080f606370efa3d364e4b5fd9ba0f7b87786d3b679"
  name = "github.com/urfave/cli"
  packages = ["."]
  pruneopts = "UT"
  revision = "cfb38830724cc34fedffe9a2a29fb54fa9169cd1"
  version = "v1.20.0"

[[projects]]
  digest = "1:f95b469161aa3bf30d515403ca1593f566e9d877f1c02479038ce55207118bf5"
  name = "github.com/valyala/fastjson"
  packages = [
    ".",
    "fastfloat",
  ]
  pruneopts = "UT"
  revision = "73ca3ce4bcd1cb08f60e48df25675b80c6a4e51e"
  version = "v1.4.1"

[[projects]]
  digest = "1:a5158647b553c61877aa9ae74f4015000294e47981e6b8b07525edcbb0747c81"
  name = "go.uber.org/atomic"
  packages = ["."]
  pruneopts = "UT"
  revision = "df976f2515e274675050de7b3f42545de80594fd"
  version = "v1.4.0"

[[projects]]
  digest = "1:60bf2a5e347af463c42ed31a493d817f8a72f102543060ed992754e689805d1a"
  name = "go.uber.org/multierr"
  packages = ["."]
  pruneopts = "UT"
  revision = "3c4937480c32f4c13a875a1829af76c98ca3d40a"
  version = "v1.1.0"

[[projects]]
  digest = "1:676160e6a4722b08e0e26b11521d575c2cb2b6f0c679e1ee6178c5d8dee51e5e"
  name = "go.uber.org/zap"
  packages = [
    ".",
    "buffer",
    "internal/bufferpool",
    "internal/color",
    "internal/exit",
    "zapcore",
  ]
  pruneopts = "UT"
  revision = "27376062155ad36be76b0f12cf1572a221d3a48c"
  version = "v1.10.0"

[[projects]]
  branch = "master"
  digest = "1:27d87a906c1722feb6ce0c4a18ecb6c5a4682e857ba73972a26ea1eeb710b09e"
  name = "golang.org/x/crypto"
  packages = [
    "curve25519",
    "ed25519",
    "ed25519/internal/edwards25519",
    "internal/chacha20",
    "internal/subtle",
    "poly1305",
    "ssh",
    "ssh/agent",
    "ssh/knownhosts",
    "ssh/terminal",
  ]
  pruneopts = "UT"
  revision = "cbcb750295291b33242907a04be40e80801d0cfc"

[[projects]]
  branch = "master"
  digest = "1:6cbffc0d92cf6d898cc13a10a062b6c7aab5af50bc62ba5fb10ca38c60215069"
  name = "golang.org/x/net"
  packages = [
    "bpf",
    "http/httpguts",
    "http2",
    "http2/hpack",
    "idna",
    "internal/iana",
    "internal/socket",
    "ipv4",
    "ipv6",
  ]
  pruneopts = "UT"
  revision = "a4d6f7feada510cc50e69a37b484cb0fdc6b7876"

[[projects]]
  branch = "master"
  digest = "1:b521f10a2d8fa85c04a8ef4e62f2d1e14d303599a55d64dabf9f5a02f84d35eb"
  name = "golang.org/x/sync"
  packages = ["errgroup"]
  pruneopts = "UT"
  revision = "112230192c580c3556b8cee6403af37a4fc5f28c"

[[projects]]
  branch = "master"
  digest = "1:ed3d25dee9c9d77611e5ce1bd3a5a078930e8efb31afac120ccb1fbba7ec08d1"
  name = "golang.org/x/sys"
  packages = [
    "cpu",
    "unix",
    "windows",
  ]
  pruneopts = "UT"
  revision = "a5b02f93d862f065920dd6a40dddc66b60d0dec4"

[[projects]]
  digest = "1:79c5cb4177013a706cb70478eedf23df5dc2469170b37e5b49c76cc854521701"
  name = "golang.org/x/text"
  packages = [
    "collate",
    "collate/build",
    "encoding",
    "encoding/internal/identifier",
    "internal/colltab",
    "internal/gen",
    "internal/language",
    "internal/language/compact",
    "internal/tag",
    "internal/triegen",
    "internal/ucd",
    "language",
    "secure/bidirule",
    "transform",
    "unicode/bidi",
    "unicode/cldr",
    "unicode/norm",
    "unicode/rangetable",
  ]
  pruneopts = "UT"
  revision = "342b2e1fbaa52c93f31447ad2c6abc048c63e475"
  version = "v0.3.2"

[[projects]]
  branch = "master"
  digest = "1:9fdc2b55e8e0fafe4b41884091e51e77344f7dc511c5acedcfd98200003bff90"
  name = "golang.org/x/time"
  packages = ["rate"]
  pruneopts = "UT"
  revision = "9d24e82272b4f38b78bc8cff74fa936d31ccd8ef"

[solve-meta]
  analyzer-name = "dep"
  analyzer-version = 1
  input-imports = [
    "github.com/Code-Hex/Neo-cowsay",
    "github.com/ahmetb/go-linq",
    "github.com/alecthomas/chroma/formatters",
    "github.com/alecthomas/chroma/lexers",
    "github.com/alecthomas/chroma/styles",
    "github.com/awnumar/memguard",
    "github.com/cheggaaa/pb",
    "github.com/elazarl/goproxy",
    "github.com/gabriel-vasile/mimetype",
    "github.com/gdamore/tcell",
    "github.com/getlantern/go-socks5",
    "github.com/getlantern/golog",
    "github.com/getlantern/hidden",
    "github.com/google/gops/agent",
    "github.com/hashicorp/go-cleanhttp",
    "github.com/hashicorp/vault/api",
    "github.com/hashicorp/vault/helper/consts",
    "github.com/karrick/godirwalk",
    "github.com/ktr0731/go-fuzzyfinder",
    "github.com/logrusorgru/aurora",
    "github.com/mattn/go-shellwords",
    "github.com/miekg/dns",
    "github.com/mitchellh/go-homedir",
    "github.com/orcaman/concurrent-map",
    "github.com/peterh/liner",
    "github.com/pkg/sftp",
    "github.com/rivo/tview",
    "github.com/scylladb/go-set/strset",
    "github.com/stephane-martin/go-mimeapps",
    "github.com/stephane-martin/go-vis",
    "github.com/stephane-martin/golang-ssh",
    "github.com/stephane-martin/vault-exec/lib",
    "github.com/urfave/cli",
    "github.com/valyala/fastjson",
    "go.uber.org/zap",
    "go.uber.org/zap/zapcore",
    "golang.org/x/crypto/ed25519",
    "golang.org/x/crypto/ssh",
    "golang.org/x/crypto/ssh/agent",
    "golang.org/x/crypto/ssh/terminal",
    "golang.org/x/sync/errgroup",
  ]
  solver-name = "gps-cdcl"
  solver-version = 1
